
Microsoft Visual Studio Solution File, Format Version 12.00
# Visual Studio Version 17
VisualStudioVersion = 17.5.33627.172
MinimumVisualStudioVersion = 10.0.40219.1
Project("{FAE04EC0-301F-11D3-BF4B-00C04F79EFBC}") = "Blog", "Blog\Blog.csproj", "{D056E8C3-89B6-41E6-BD09-5DCABFEF78F4}"
EndProject
Global
	GlobalSection(SolutionConfigurationPlatforms) = preSolution
		Debug|Any CPU = Debug|Any CPU
		Release|Any CPU = Release|Any CPU
	EndGlobalSection
	GlobalSection(ProjectConfigurationPlatforms) = postSolution
		{D056E8C3-89B6-41E6-BD09-5DCABFEF78F4}.Debug|Any CPU.ActiveCfg = Debug|Any CPU
		{D056E8C3-89B6-41E6-BD09-5DCABFEF78F4}.Debug|Any CPU.Build.0 = Debug|Any CPU
		{D056E8C3-89B6-41E6-BD09-5DCABFEF78F4}.Release|Any CPU.ActiveCfg = Release|Any CPU
		{D056E8C3-89B6-41E6-BD09-5DCABFEF78F4}.Release|Any CPU.Build.0 = Release|Any CPU
	EndGlobalSection
	GlobalSection(SolutionProperties) = preSolution
		HideSolutionNode = FALSE
	EndGlobalSection
	GlobalSection(ExtensibilityGlobals) = postSolution
		SolutionGuid = {9B989359-E895-4DF3-BACE-3B6866FB8C49}
	EndGlobalSection
EndGlobal
